<?xml version="1.0" encoding="utf-8"?>
<Project ToolsVersion="4.0" xmlns="http://schemas.microsoft.com/developer/msbuild/2003">
  <ItemGroup>
    <ClCompile Include="..\..\src\main.cpp" />
    <ClCompile Include="..\..\src\Movegen.cpp" />
    <ClCompile Include="..\..\src\Network.cpp" />
    <ClCompile Include="..\..\src\NNCache.cpp" />
    <ClCompile Include="..\..\src\OpenCL.cpp" />
    <ClCompile Include="..\..\src\OpenCLScheduler.cpp" />
    <ClCompile Include="..\..\src\Parameters.cpp" />
    <ClCompile Include="..\..\src\Position.cpp" />
    <ClCompile Include="..\..\src\Random.cpp" />
    <ClCompile Include="..\..\src\SMP.cpp" />
    <ClCompile Include="..\..\src\TimeMan.cpp" />
    <ClCompile Include="..\..\src\Timing.cpp" />
    <ClCompile Include="..\..\src\Tuner.cpp" />
    <ClCompile Include="..\..\src\UCI.cpp" />
    <ClCompile Include="..\..\src\UCIOption.cpp" />
    <ClCompile Include="..\..\src\syzygy\tbprobe.cpp" />
    <ClCompile Include="..\..\src\NNPosition.cpp" />
    <ClCompile Include="..\..\src\NNMovegen.cpp" />
    <ClCompile Include="..\..\src\Utils.cpp" />
    <ClCompile Include="..\..\src\benchmark.cpp" />
    <ClCompile Include="..\..\src\bitbase.cpp" />
    <ClCompile Include="..\..\src\endgame.cpp" />
    <ClCompile Include="..\..\src\evaluate.cpp" />
    <ClCompile Include="..\..\src\material.cpp" />
    <ClCompile Include="..\..\src\misc.cpp" />
    <ClCompile Include="..\..\src\movepick.cpp" />
    <ClCompile Include="..\..\src\pawns.cpp" />
    <ClCompile Include="..\..\src\psqt.cpp" />
    <ClCompile Include="..\..\src\search.cpp" />
    <ClCompile Include="..\..\src\thread.cpp" />
    <ClCompile Include="..\..\src\tt.cpp" />
    <ClCompile Include="..\..\src\bitboard.cpp" />
  </ItemGroup>
  <ItemGroup>
    <ClInclude Include="..\..\src\config.h">
      <Filter>Headers</Filter>
    </ClInclude>
    <ClInclude Include="..\..\src\Im2Col.h">
      <Filter>Headers</Filter>
    </ClInclude>
    <ClInclude Include="..\..\src\Movegen.h">
      <Filter>Headers</Filter>
    </ClInclude>
    <ClInclude Include="..\..\src\Network.h">
      <Filter>Headers</Filter>
    </ClInclude>
    <ClInclude Include="..\..\src\NNCache.h">
      <Filter>Headers</Filter>
    </ClInclude>
    <ClInclude Include="..\..\src\OpenCL.h">
      <Filter>Headers</Filter>
    </ClInclude>
    <ClInclude Include="..\..\src\OpenCLScheduler.h">
      <Filter>Headers</Filter>
    </ClInclude>
    <ClInclude Include="..\..\src\Parameters.h">
      <Filter>Headers</Filter>
    </ClInclude>
    <ClInclude Include="..\..\src\Position.h">
      <Filter>Headers</Filter>
    </ClInclude>
    <ClInclude Include="..\..\src\Random.h">
      <Filter>Headers</Filter>
    </ClInclude>
    <ClInclude Include="..\..\src\SMP.h">
      <Filter>Headers</Filter>
    </ClInclude>
    <ClInclude Include="..\..\src\ThreadPool.h">
      <Filter>Headers</Filter>
    </ClInclude>
    <ClInclude Include="..\..\src\TimeMan.h">
      <Filter>Headers</Filter>
    </ClInclude>
    <ClInclude Include="..\..\src\Timing.h">
      <Filter>Headers</Filter>
    </ClInclude>
    <ClInclude Include="..\..\src\Tuner.h">
      <Filter>Headers</Filter>
    </ClInclude>
    <ClInclude Include="..\..\src\UCI.h">
      <Filter>Headers</Filter>
    </ClInclude>
    <ClInclude Include="..\..\src\Utils.h">
      <Filter>Headers</Filter>
    </ClInclude>
    <ClInclude Include="..\..\src\syzygy\tbprobe.h">
      <Filter>Headers</Filter>
    </ClInclude>
    <ClInclude Include="..\..\src\thread_win32.h">
      <Filter>Headers</Filter>
    </ClInclude>
    <ClInclude Include="..\..\src\NNPosition.h">
      <Filter>Headers</Filter>
    </ClInclude>
    <ClInclude Include="..\..\src\NNMovegen.h">
      <Filter>Headers</Filter>
    </ClInclude>
    <ClInclude Include="..\..\src\pawns.h">
      <Filter>Headers</Filter>
    </ClInclude>
    <ClInclude Include="..\..\src\search.h">
      <Filter>Headers</Filter>
    </ClInclude>
    <ClInclude Include="..\..\src\thread.h">
      <Filter>Headers</Filter>
    </ClInclude>
    <ClInclude Include="..\..\src\tt.h">
      <Filter>Headers</Filter>
    </ClInclude>
    <ClInclude Include="..\..\src\types.h">
      <Filter>Headers</Filter>
    </ClInclude>
    <ClInclude Include="..\..\src\endgame.h">
      <Filter>Headers</Filter>
    </ClInclude>
    <ClInclude Include="..\..\src\evaluate.h">
      <Filter>Headers</Filter>
    </ClInclude>
    <ClInclude Include="..\..\src\material.h">
      <Filter>Headers</Filter>
    </ClInclude>
    <ClInclude Include="..\..\src\Misc.h">
      <Filter>Headers</Filter>
    </ClInclude>
    <ClInclude Include="..\..\src\movepick.h">
      <Filter>Headers</Filter>
    </ClInclude>
    <ClInclude Include="..\..\src\misc.h">
      <Filter>Headers</Filter>
    </ClInclude>
    <ClInclude Include="..\..\src\bitboard.h">
      <Filter>Headers</Filter>
    </ClInclude>
  </ItemGroup>
  <ItemGroup>
    <Filter Include="Headers">
      <UniqueIdentifier>{ac36f1cd-dd22-417b-94cf-57cb8af7a501}</UniqueIdentifier>
    </Filter>
  </ItemGroup>
</Project>